
Microsoft Visual Studio Solution File, Format Version 12.00
# Visual Studio 15
VisualStudioVersion = 15.0.26124.0
MinimumVisualStudioVersion = 15.0.26124.0
Project("{2150E333-8FDC-42A3-9474-1A3956D46DE8}") = "test", "test", "{08FB6CD5-223B-4D83-B758-73699A5FE8BC}"
EndProject
Project("{FAE04EC0-301F-11D3-BF4B-00C04F79EFBC}") = "WebApi-EntityFrameworkCore-Example.UnitTests", "test\unit\WebApi-EntityFrameworkCore-Example.UnitTests.csproj", "{F1859BB2-92FC-4AF4-A5E7-67A717C58150}"
EndProject
Project("{FAE04EC0-301F-11D3-BF4B-00C04F79EFBC}") = "WebApi-EntityFrameworkCore-Example", "src\WebApi-EntityFrameworkCore-Example.csproj", "{0DC87B3E-9EA4-42E2-90B6-79CB618A8331}"
EndProject
Global
	GlobalSection(SolutionConfigurationPlatforms) = preSolution
		Debug|Any CPU = Debug|Any CPU
		Debug|x64 = Debug|x64
		Debug|x86 = Debug|x86
		Release|Any CPU = Release|Any CPU
		Release|x64 = Release|x64
		Release|x86 = Release|x86
	EndGlobalSection
	GlobalSection(SolutionProperties) = preSolution
		HideSolutionNode = FALSE
	EndGlobalSection
	GlobalSection(ProjectConfigurationPlatforms) = postSolution
		{F1859BB2-92FC-4AF4-A5E7-67A717C58150}.Debug|Any CPU.ActiveCfg = Debug|Any CPU
		{F1859BB2-92FC-4AF4-A5E7-67A717C58150}.Debug|Any CPU.Build.0 = Debug|Any CPU
		{F1859BB2-92FC-4AF4-A5E7-67A717C58150}.Debug|x64.ActiveCfg = Debug|Any CPU
		{F1859BB2-92FC-4AF4-A5E7-67A717C58150}.Debug|x64.Build.0 = Debug|Any CPU
		{F1859BB2-92FC-4AF4-A5E7-67A717C58150}.Debug|x86.ActiveCfg = Debug|Any CPU
		{F1859BB2-92FC-4AF4-A5E7-67A717C58150}.Debug|x86.Build.0 = Debug|Any CPU
		{F1859BB2-92FC-4AF4-A5E7-67A717C58150}.Release|Any CPU.ActiveCfg = Release|Any CPU
		{F1859BB2-92FC-4AF4-A5E7-67A717C58150}.Release|Any CPU.Build.0 = Release|Any CPU
		{F1859BB2-92FC-4AF4-A5E7-67A717C58150}.Release|x64.ActiveCfg = Release|Any CPU
		{F1859BB2-92FC-4AF4-A5E7-67A717C58150}.Release|x64.Build.0 = Release|Any CPU
		{F1859BB2-92FC-4AF4-A5E7-67A717C58150}.Release|x86.ActiveCfg = Release|Any CPU
		{F1859BB2-92FC-4AF4-A5E7-67A717C58150}.Release|x86.Build.0 = Release|Any CPU
		{0DC87B3E-9EA4-42E2-90B6-79CB618A8331}.Debug|Any CPU.ActiveCfg = Debug|Any CPU
		{0DC87B3E-9EA4-42E2-90B6-79CB618A8331}.Debug|Any CPU.Build.0 = Debug|Any CPU
		{0DC87B3E-9EA4-42E2-90B6-79CB618A8331}.Debug|x64.ActiveCfg = Debug|Any CPU
		{0DC87B3E-9EA4-42E2-90B6-79CB618A8331}.Debug|x64.Build.0 = Debug|Any CPU
		{0DC87B3E-9EA4-42E2-90B6-79CB618A8331}.Debug|x86.ActiveCfg = Debug|Any CPU
		{0DC87B3E-9EA4-42E2-90B6-79CB618A8331}.Debug|x86.Build.0 = Debug|Any CPU
		{0DC87B3E-9EA4-42E2-90B6-79CB618A8331}.Release|Any CPU.ActiveCfg = Release|Any CPU
		{0DC87B3E-9EA4-42E2-90B6-79CB618A8331}.Release|Any CPU.Build.0 = Release|Any CPU
		{0DC87B3E-9EA4-42E2-90B6-79CB618A8331}.Release|x64.ActiveCfg = Release|Any CPU
		{0DC87B3E-9EA4-42E2-90B6-79CB618A8331}.Release|x64.Build.0 = Release|Any CPU
		{0DC87B3E-9EA4-42E2-90B6-79CB618A8331}.Release|x86.ActiveCfg = Release|Any CPU
		{0DC87B3E-9EA4-42E2-90B6-79CB618A8331}.Release|x86.Build.0 = Release|Any CPU
	EndGlobalSection
	GlobalSection(NestedProjects) = preSolution
		{F1859BB2-92FC-4AF4-A5E7-67A717C58150} = {08FB6CD5-223B-4D83-B758-73699A5FE8BC}
	EndGlobalSection
EndGlobal
